
Microsoft Visual Studio Solution File, Format Version 12.00
# Visual Studio Version 16
VisualStudioVersion = 16.0.30907.101
MinimumVisualStudioVersion = 10.0.40219.1
Project("{FAE04EC0-301F-11D3-BF4B-00C04F79EFBC}") = "HW6", "HW6\HW6.csproj", "{B48524BF-EABB-4761-B7E9-C076B2A42086}"
EndProject
Global
	GlobalSection(SolutionConfigurationPlatforms) = preSolution
		Debug|Any CPU = Debug|Any CPU
		Release|Any CPU = Release|Any CPU
	EndGlobalSection
	GlobalSection(ProjectConfigurationPlatforms) = postSolution
		{B48524BF-EABB-4761-B7E9-C076B2A42086}.Debug|Any CPU.ActiveCfg = Debug|Any CPU
		{B48524BF-EABB-4761-B7E9-C076B2A42086}.Debug|Any CPU.Build.0 = Debug|Any CPU
		{B48524BF-EABB-4761-B7E9-C076B2A42086}.Release|Any CPU.ActiveCfg = Release|Any CPU
		{B48524BF-EABB-4761-B7E9-C076B2A42086}.Release|Any CPU.Build.0 = Release|Any CPU
	EndGlobalSection
	GlobalSection(SolutionProperties) = preSolution
		HideSolutionNode = FALSE
	EndGlobalSection
	GlobalSection(ExtensibilityGlobals) = postSolution
		SolutionGuid = {04995160-D369-4923-A7F6-315307FC0A1B}
	EndGlobalSection
EndGlobal
